
Microsoft Visual Studio Solution File, Format Version 12.00
# Visual Studio Version 17
VisualStudioVersion = 17.0.32014.148
MinimumVisualStudioVersion = 10.0.40219.1
Project("{FAE04EC0-301F-11D3-BF4B-00C04F79EFBC}") = "MatrixTest", "MatrixTest\MatrixTest.csproj", "{1E9052A3-B45E-4BA1-8D2B-EE379A5BC34B}"
EndProject
Project("{9A19103F-16F7-4668-BE54-9A1E7A4F7556}") = "Csharp_Matrix", "..\Csharp_Matrix\Csharp_Matrix\Csharp_Matrix.csproj", "{BED589D6-5EB3-4A76-816D-F6C8E8215D60}"
EndProject
Global
	GlobalSection(SolutionConfigurationPlatforms) = preSolution
		Debug|Any CPU = Debug|Any CPU
		Release|Any CPU = Release|Any CPU
	EndGlobalSection
	GlobalSection(ProjectConfigurationPlatforms) = postSolution
		{1E9052A3-B45E-4BA1-8D2B-EE379A5BC34B}.Debug|Any CPU.ActiveCfg = Debug|Any CPU
		{1E9052A3-B45E-4BA1-8D2B-EE379A5BC34B}.Debug|Any CPU.Build.0 = Debug|Any CPU
		{1E9052A3-B45E-4BA1-8D2B-EE379A5BC34B}.Release|Any CPU.ActiveCfg = Release|Any CPU
		{1E9052A3-B45E-4BA1-8D2B-EE379A5BC34B}.Release|Any CPU.Build.0 = Release|Any CPU
		{BED589D6-5EB3-4A76-816D-F6C8E8215D60}.Debug|Any CPU.ActiveCfg = Debug|Any CPU
		{BED589D6-5EB3-4A76-816D-F6C8E8215D60}.Debug|Any CPU.Build.0 = Debug|Any CPU
		{BED589D6-5EB3-4A76-816D-F6C8E8215D60}.Release|Any CPU.ActiveCfg = Release|Any CPU
		{BED589D6-5EB3-4A76-816D-F6C8E8215D60}.Release|Any CPU.Build.0 = Release|Any CPU
	EndGlobalSection
	GlobalSection(SolutionProperties) = preSolution
		HideSolutionNode = FALSE
	EndGlobalSection
	GlobalSection(ExtensibilityGlobals) = postSolution
		SolutionGuid = {D387871D-984F-4B39-ABF5-6D95D2DDA187}
	EndGlobalSection
EndGlobal
