
Microsoft Visual Studio Solution File, Format Version 12.00
# Visual Studio Version 17
VisualStudioVersion = 17.0.32112.339
MinimumVisualStudioVersion = 10.0.40219.1
Project("{9A19103F-16F7-4668-BE54-9A1E7A4F7556}") = "MatrixCal", "MatrixCal.csproj", "{743B5EDA-3EFE-42AF-8DBF-09AFB48824CF}"
EndProject
Project("{9A19103F-16F7-4668-BE54-9A1E7A4F7556}") = "Csharp_Matrix", "..\Csharp_Matrix\Csharp_Matrix\Csharp_Matrix.csproj", "{02D60C00-32A7-4BD2-BBD8-12E0F9F52A86}"
EndProject
Project("{9A19103F-16F7-4668-BE54-9A1E7A4F7556}") = "StringProcessing", "..\StringProcessing\StringProcessing\StringProcessing.csproj", "{4097BFE3-F037-4FBC-917D-5F03995FA8BB}"
EndProject
Project("{54435603-DBB4-11D2-8724-00A0C9A8B90C}") = "Setup1", "..\Setup1\Setup1.vdproj", "{CAE0BC5A-54B7-4E83-AE7B-A045E60F88B9}"
EndProject
Global
	GlobalSection(SolutionConfigurationPlatforms) = preSolution
		Debug|Any CPU = Debug|Any CPU
		Release|Any CPU = Release|Any CPU
	EndGlobalSection
	GlobalSection(ProjectConfigurationPlatforms) = postSolution
		{743B5EDA-3EFE-42AF-8DBF-09AFB48824CF}.Debug|Any CPU.ActiveCfg = Debug|Any CPU
		{743B5EDA-3EFE-42AF-8DBF-09AFB48824CF}.Debug|Any CPU.Build.0 = Debug|Any CPU
		{743B5EDA-3EFE-42AF-8DBF-09AFB48824CF}.Release|Any CPU.ActiveCfg = Release|Any CPU
		{743B5EDA-3EFE-42AF-8DBF-09AFB48824CF}.Release|Any CPU.Build.0 = Release|Any CPU
		{02D60C00-32A7-4BD2-BBD8-12E0F9F52A86}.Debug|Any CPU.ActiveCfg = Debug|Any CPU
		{02D60C00-32A7-4BD2-BBD8-12E0F9F52A86}.Debug|Any CPU.Build.0 = Debug|Any CPU
		{02D60C00-32A7-4BD2-BBD8-12E0F9F52A86}.Release|Any CPU.ActiveCfg = Release|Any CPU
		{02D60C00-32A7-4BD2-BBD8-12E0F9F52A86}.Release|Any CPU.Build.0 = Release|Any CPU
		{4097BFE3-F037-4FBC-917D-5F03995FA8BB}.Debug|Any CPU.ActiveCfg = Debug|Any CPU
		{4097BFE3-F037-4FBC-917D-5F03995FA8BB}.Debug|Any CPU.Build.0 = Debug|Any CPU
		{4097BFE3-F037-4FBC-917D-5F03995FA8BB}.Release|Any CPU.ActiveCfg = Release|Any CPU
		{4097BFE3-F037-4FBC-917D-5F03995FA8BB}.Release|Any CPU.Build.0 = Release|Any CPU
		{CAE0BC5A-54B7-4E83-AE7B-A045E60F88B9}.Debug|Any CPU.ActiveCfg = Debug
		{CAE0BC5A-54B7-4E83-AE7B-A045E60F88B9}.Release|Any CPU.ActiveCfg = Release
	EndGlobalSection
	GlobalSection(SolutionProperties) = preSolution
		HideSolutionNode = FALSE
	EndGlobalSection
	GlobalSection(ExtensibilityGlobals) = postSolution
		SolutionGuid = {29CC39B7-77DF-440C-9B57-3AC248ED8134}
	EndGlobalSection
EndGlobal
